// !$*UTF8*$!
{
	archiveVersion = 1;
	classes = {
	};
	objectVersion = 55;
	objects = {

/* Begin PBXBuildFile section */
		40114C8129EA0A1B00D6DFA9 /* TuneCard.swift in Sources */ = {isa = PBXBuildFile; fileRef = 40114C8029EA0A1B00D6DFA9 /* TuneCard.swift */; };
		40114C8929EA0AD500D6DFA9 /* OnlineTuneCards.swift in Sources */ = {isa = PBXBuildFile; fileRef = 40114C8829EA0AD500D6DFA9 /* OnlineTuneCards.swift */; };
		40114C8E29EA197800D6DFA9 /* CSV.swift in Sources */ = {isa = PBXBuildFile; fileRef = 40114C8D29EA197800D6DFA9 /* CSV.swift */; };
		4090329C29DC7F7000582819 /* NativePartialSheet in Frameworks */ = {isa = PBXBuildFile; productRef = 4090329B29DC7F7000582819 /* NativePartialSheet */; };
		9A0A666129DA7B8700BF5FB0 /* MapView.swift in Sources */ = {isa = PBXBuildFile; fileRef = 9A0A665F29DA7B8700BF5FB0 /* MapView.swift */; };
		9A0A666229DA7B8700BF5FB0 /* LocationMgr.swift in Sources */ = {isa = PBXBuildFile; fileRef = 9A0A666029DA7B8700BF5FB0 /* LocationMgr.swift */; };
		9A0A666429DA7C7900BF5FB0 /* AlertAnnotation.swift in Sources */ = {isa = PBXBuildFile; fileRef = 9A0A666329DA7C7900BF5FB0 /* AlertAnnotation.swift */; };
		9A9C7AB02775736C00519111 /* Playground2App.swift in Sources */ = {isa = PBXBuildFile; fileRef = 9A9C7AAF2775736C00519111 /* Playground2App.swift */; };
		9A9C7AB22775736C00519111 /* ContentView.swift in Sources */ = {isa = PBXBuildFile; fileRef = 9A9C7AB12775736C00519111 /* ContentView.swift */; };
		9A9C7AB42775737000519111 /* Assets.xcassets in Resources */ = {isa = PBXBuildFile; fileRef = 9A9C7AB32775737000519111 /* Assets.xcassets */; };
		9A9C7AB72775737000519111 /* Preview Assets.xcassets in Resources */ = {isa = PBXBuildFile; fileRef = 9A9C7AB62775737000519111 /* Preview Assets.xcassets */; };
		9AE5FCEA29D91AFC002B76A3 /* Map in Frameworks */ = {isa = PBXBuildFile; productRef = 9AE5FCE929D91AFC002B76A3 /* Map */; };
/* End PBXBuildFile section */

/* Begin PBXCopyFilesBuildPhase section */
		40114C8429EA0AD400D6DFA9 /* CopyFiles */ = {
			isa = PBXCopyFilesBuildPhase;
			buildActionMask = 2147483647;
			dstPath = /usr/share/man/man1/;
			dstSubfolderSpec = 0;
			files = (
			);
			runOnlyForDeploymentPostprocessing = 1;
		};
/* End PBXCopyFilesBuildPhase section */

/* Begin PBXFileReference section */
		40114C8029EA0A1B00D6DFA9 /* TuneCard.swift */ = {isa = PBXFileReference; lastKnownFileType = sourcecode.swift; path = TuneCard.swift; sourceTree = "<group>"; };
		40114C8629EA0AD400D6DFA9 /* OnlineTuneCards */ = {isa = PBXFileReference; explicitFileType = "compiled.mach-o.executable"; includeInIndex = 0; path = OnlineTuneCards; sourceTree = BUILT_PRODUCTS_DIR; };
		40114C8829EA0AD500D6DFA9 /* OnlineTuneCards.swift */ = {isa = PBXFileReference; lastKnownFileType = sourcecode.swift; path = OnlineTuneCards.swift; sourceTree = "<group>"; };
		40114C8D29EA197800D6DFA9 /* CSV.swift */ = {isa = PBXFileReference; lastKnownFileType = sourcecode.swift; path = CSV.swift; sourceTree = "<group>"; };
		9A0A665F29DA7B8700BF5FB0 /* MapView.swift */ = {isa = PBXFileReference; fileEncoding = 4; lastKnownFileType = sourcecode.swift; name = MapView.swift; path = Playground2/MapView.swift; sourceTree = SOURCE_ROOT; };
		9A0A666029DA7B8700BF5FB0 /* LocationMgr.swift */ = {isa = PBXFileReference; fileEncoding = 4; lastKnownFileType = sourcecode.swift; name = LocationMgr.swift; path = Playground2/LocationMgr.swift; sourceTree = SOURCE_ROOT; };
		9A0A666329DA7C7900BF5FB0 /* AlertAnnotation.swift */ = {isa = PBXFileReference; fileEncoding = 4; lastKnownFileType = sourcecode.swift; name = AlertAnnotation.swift; path = Playground2/AlertAnnotation.swift; sourceTree = SOURCE_ROOT; };
		9A0A666529DA98FF00BF5FB0 /* Info.plist */ = {isa = PBXFileReference; lastKnownFileType = text.plist; path = Info.plist; sourceTree = "<group>"; };
		9A9C7AAC2775736C00519111 /* Playground2.app */ = {isa = PBXFileReference; explicitFileType = wrapper.application; includeInIndex = 0; path = Playground2.app; sourceTree = BUILT_PRODUCTS_DIR; };
		9A9C7AAF2775736C00519111 /* Playground2App.swift */ = {isa = PBXFileReference; lastKnownFileType = sourcecode.swift; path = Playground2App.swift; sourceTree = "<group>"; };
		9A9C7AB12775736C00519111 /* ContentView.swift */ = {isa = PBXFileReference; lastKnownFileType = sourcecode.swift; path = ContentView.swift; sourceTree = "<group>"; };
		9A9C7AB32775737000519111 /* Assets.xcassets */ = {isa = PBXFileReference; lastKnownFileType = folder.assetcatalog; path = Assets.xcassets; sourceTree = "<group>"; };
		9A9C7AB62775737000519111 /* Preview Assets.xcassets */ = {isa = PBXFileReference; lastKnownFileType = folder.assetcatalog; path = "Preview Assets.xcassets"; sourceTree = "<group>"; };
/* End PBXFileReference section */

/* Begin PBXFrameworksBuildPhase section */
		40114C8329EA0AD400D6DFA9 /* Frameworks */ = {
			isa = PBXFrameworksBuildPhase;
			buildActionMask = 2147483647;
			files = (
			);
			runOnlyForDeploymentPostprocessing = 0;
		};
		9A9C7AA92775736C00519111 /* Frameworks */ = {
			isa = PBXFrameworksBuildPhase;
			buildActionMask = 2147483647;
			files = (
				9AE5FCEA29D91AFC002B76A3 /* Map in Frameworks */,
				4090329C29DC7F7000582819 /* NativePartialSheet in Frameworks */,
			);
			runOnlyForDeploymentPostprocessing = 0;
		};
/* End PBXFrameworksBuildPhase section */

/* Begin PBXGroup section */
		40114C8729EA0AD500D6DFA9 /* OnlineTuneCards */ = {
			isa = PBXGroup;
			children = (
				40114C8829EA0AD500D6DFA9 /* OnlineTuneCards.swift */,
				40114C8D29EA197800D6DFA9 /* CSV.swift */,
			);
			path = OnlineTuneCards;
			sourceTree = "<group>";
		};
		9A0A665E29DA7B6500BF5FB0 /* FCMap */ = {
			isa = PBXGroup;
			children = (
				9A0A666329DA7C7900BF5FB0 /* AlertAnnotation.swift */,
				9A0A666029DA7B8700BF5FB0 /* LocationMgr.swift */,
				9A0A665F29DA7B8700BF5FB0 /* MapView.swift */,
			);
			path = FCMap;
			sourceTree = "<group>";
		};
		9A9C7AA32775736C00519111 = {
			isa = PBXGroup;
			children = (
				9A9C7AAE2775736C00519111 /* Playground2 */,
				40114C8729EA0AD500D6DFA9 /* OnlineTuneCards */,
				9A9C7AAD2775736C00519111 /* Products */,
			);
			sourceTree = "<group>";
		};
		9A9C7AAD2775736C00519111 /* Products */ = {
			isa = PBXGroup;
			children = (
				9A9C7AAC2775736C00519111 /* Playground2.app */,
				40114C8629EA0AD400D6DFA9 /* OnlineTuneCards */,
			);
			name = Products;
			sourceTree = "<group>";
		};
		9A9C7AAE2775736C00519111 /* Playground2 */ = {
			isa = PBXGroup;
			children = (
				9A0A666529DA98FF00BF5FB0 /* Info.plist */,
				9A0A665E29DA7B6500BF5FB0 /* FCMap */,
				9A9C7AAF2775736C00519111 /* Playground2App.swift */,
				9A9C7AB12775736C00519111 /* ContentView.swift */,
				40114C8029EA0A1B00D6DFA9 /* TuneCard.swift */,
				9A9C7AB32775737000519111 /* Assets.xcassets */,
				9A9C7AB52775737000519111 /* Preview Content */,
			);
			path = Playground2;
			sourceTree = "<group>";
		};
		9A9C7AB52775737000519111 /* Preview Content */ = {
			isa = PBXGroup;
			children = (
				9A9C7AB62775737000519111 /* Preview Assets.xcassets */,
			);
			path = "Preview Content";
			sourceTree = "<group>";
		};
/* End PBXGroup section */

/* Begin PBXNativeTarget section */
		40114C8529EA0AD400D6DFA9 /* OnlineTuneCards */ = {
			isa = PBXNativeTarget;
			buildConfigurationList = 40114C8A29EA0AD500D6DFA9 /* Build configuration list for PBXNativeTarget "OnlineTuneCards" */;
			buildPhases = (
				40114C8229EA0AD400D6DFA9 /* Sources */,
				40114C8329EA0AD400D6DFA9 /* Frameworks */,
				40114C8429EA0AD400D6DFA9 /* CopyFiles */,
			);
			buildRules = (
			);
			dependencies = (
			);
			name = OnlineTuneCards;
			productName = OnlineTuneCards;
			productReference = 40114C8629EA0AD400D6DFA9 /* OnlineTuneCards */;
			productType = "com.apple.product-type.tool";
		};
		9A9C7AAB2775736C00519111 /* Playground2 */ = {
			isa = PBXNativeTarget;
			buildConfigurationList = 9A9C7ABA2775737000519111 /* Build configuration list for PBXNativeTarget "Playground2" */;
			buildPhases = (
				9A9C7AA82775736C00519111 /* Sources */,
				9A9C7AA92775736C00519111 /* Frameworks */,
				9A9C7AAA2775736C00519111 /* Resources */,
			);
			buildRules = (
			);
			dependencies = (
			);
			name = Playground2;
			packageProductDependencies = (
				9AE5FCE929D91AFC002B76A3 /* Map */,
				4090329B29DC7F7000582819 /* NativePartialSheet */,
			);
			productName = Playground2;
			productReference = 9A9C7AAC2775736C00519111 /* Playground2.app */;
			productType = "com.apple.product-type.application";
		};
/* End PBXNativeTarget section */

/* Begin PBXProject section */
		9A9C7AA42775736C00519111 /* Project object */ = {
			isa = PBXProject;
			attributes = {
				BuildIndependentTargetsInParallel = 1;
				LastSwiftUpdateCheck = 1430;
				LastUpgradeCheck = 1320;
				TargetAttributes = {
					40114C8529EA0AD400D6DFA9 = {
						CreatedOnToolsVersion = 14.3;
					};
					9A9C7AAB2775736C00519111 = {
						CreatedOnToolsVersion = 13.2.1;
					};
				};
			};
			buildConfigurationList = 9A9C7AA72775736C00519111 /* Build configuration list for PBXProject "Playground2" */;
			compatibilityVersion = "Xcode 13.0";
			developmentRegion = en;
			hasScannedForEncodings = 0;
			knownRegions = (
				en,
				Base,
			);
			mainGroup = 9A9C7AA32775736C00519111;
			packageReferences = (
				9AE5FCE829D91AFC002B76A3 /* XCRemoteSwiftPackageReference "Map" */,
				4090329A29DC7F7000582819 /* XCRemoteSwiftPackageReference "NativePartialSheet" */,
			);
			productRefGroup = 9A9C7AAD2775736C00519111 /* Products */;
			projectDirPath = "";
			projectRoot = "";
			targets = (
				9A9C7AAB2775736C00519111 /* Playground2 */,
				40114C8529EA0AD400D6DFA9 /* OnlineTuneCards */,
			);
		};
/* End PBXProject section */

/* Begin PBXResourcesBuildPhase section */
		9A9C7AAA2775736C00519111 /* Resources */ = {
			isa = PBXResourcesBuildPhase;
			buildActionMask = 2147483647;
			files = (
				9A9C7AB72775737000519111 /* Preview Assets.xcassets in Resources */,
				9A9C7AB42775737000519111 /* Assets.xcassets in Resources */,
			);
			runOnlyForDeploymentPostprocessing = 0;
		};
/* End PBXResourcesBuildPhase section */

/* Begin PBXSourcesBuildPhase section */
		40114C8229EA0AD400D6DFA9 /* Sources */ = {
			isa = PBXSourcesBuildPhase;
			buildActionMask = 2147483647;
			files = (
				40114C8E29EA197800D6DFA9 /* CSV.swift in Sources */,
				40114C8929EA0AD500D6DFA9 /* OnlineTuneCards.swift in Sources */,
			);
			runOnlyForDeploymentPostprocessing = 0;
		};
		9A9C7AA82775736C00519111 /* Sources */ = {
			isa = PBXSourcesBuildPhase;
			buildActionMask = 2147483647;
			files = (
				9A9C7AB22775736C00519111 /* ContentView.swift in Sources */,
				9A0A666129DA7B8700BF5FB0 /* MapView.swift in Sources */,
				9A0A666429DA7C7900BF5FB0 /* AlertAnnotation.swift in Sources */,
				40114C8129EA0A1B00D6DFA9 /* TuneCard.swift in Sources */,
				9A0A666229DA7B8700BF5FB0 /* LocationMgr.swift in Sources */,
				9A9C7AB02775736C00519111 /* Playground2App.swift in Sources */,
			);
			runOnlyForDeploymentPostprocessing = 0;
		};
/* End PBXSourcesBuildPhase section */

/* Begin XCBuildConfiguration section */
		40114C8B29EA0AD500D6DFA9 /* Debug */ = {
			isa = XCBuildConfiguration;
			buildSettings = {
				CLANG_CXX_LANGUAGE_STANDARD = "gnu++20";
				CODE_SIGN_STYLE = Automatic;
				DEVELOPMENT_TEAM = 84WPVNZ8GM;
				ENABLE_HARDENED_RUNTIME = YES;
				MACOSX_DEPLOYMENT_TARGET = 13.3;
				PRODUCT_NAME = "$(TARGET_NAME)";
				SDKROOT = macosx;
				SWIFT_VERSION = 5.0;
			};
			name = Debug;
		};
		40114C8C29EA0AD500D6DFA9 /* Release */ = {
			isa = XCBuildConfiguration;
			buildSettings = {
				CLANG_CXX_LANGUAGE_STANDARD = "gnu++20";
				CODE_SIGN_STYLE = Automatic;
				DEVELOPMENT_TEAM = 84WPVNZ8GM;
				ENABLE_HARDENED_RUNTIME = YES;
				MACOSX_DEPLOYMENT_TARGET = 13.3;
				PRODUCT_NAME = "$(TARGET_NAME)";
				SDKROOT = macosx;
				SWIFT_VERSION = 5.0;
			};
			name = Release;
		};
		9A9C7AB82775737000519111 /* Debug */ = {
			isa = XCBuildConfiguration;
			buildSettings = {
				ALWAYS_SEARCH_USER_PATHS = NO;
				CLANG_ANALYZER_NONNULL = YES;
				CLANG_ANALYZER_NUMBER_OBJECT_CONVERSION = YES_AGGRESSIVE;
				CLANG_CXX_LANGUAGE_STANDARD = "gnu++17";
				CLANG_CXX_LIBRARY = "libc++";
				CLANG_ENABLE_MODULES = YES;
				CLANG_ENABLE_OBJC_ARC = YES;
				CLANG_ENABLE_OBJC_WEAK = YES;
				CLANG_WARN_BLOCK_CAPTURE_AUTORELEASING = YES;
				CLANG_WARN_BOOL_CONVERSION = YES;
				CLANG_WARN_COMMA = YES;
				CLANG_WARN_CONSTANT_CONVERSION = YES;
				CLANG_WARN_DEPRECATED_OBJC_IMPLEMENTATIONS = YES;
				CLANG_WARN_DIRECT_OBJC_ISA_USAGE = YES_ERROR;
				CLANG_WARN_DOCUMENTATION_COMMENTS = YES;
				CLANG_WARN_EMPTY_BODY = YES;
				CLANG_WARN_ENUM_CONVERSION = YES;
				CLANG_WARN_INFINITE_RECURSION = YES;
				CLANG_WARN_INT_CONVERSION = YES;
				CLANG_WARN_NON_LITERAL_NULL_CONVERSION = YES;
				CLANG_WARN_OBJC_IMPLICIT_RETAIN_SELF = YES;
				CLANG_WARN_OBJC_LITERAL_CONVERSION = YES;
				CLANG_WARN_OBJC_ROOT_CLASS = YES_ERROR;
				CLANG_WARN_QUOTED_INCLUDE_IN_FRAMEWORK_HEADER = YES;
				CLANG_WARN_RANGE_LOOP_ANALYSIS = YES;
				CLANG_WARN_STRICT_PROTOTYPES = YES;
				CLANG_WARN_SUSPICIOUS_MOVE = YES;
				CLANG_WARN_UNGUARDED_AVAILABILITY = YES_AGGRESSIVE;
				CLANG_WARN_UNREACHABLE_CODE = YES;
				CLANG_WARN__DUPLICATE_METHOD_MATCH = YES;
				COPY_PHASE_STRIP = NO;
				DEBUG_INFORMATION_FORMAT = dwarf;
				ENABLE_STRICT_OBJC_MSGSEND = YES;
				ENABLE_TESTABILITY = YES;
				GCC_C_LANGUAGE_STANDARD = gnu11;
				GCC_DYNAMIC_NO_PIC = NO;
				GCC_NO_COMMON_BLOCKS = YES;
				GCC_OPTIMIZATION_LEVEL = 0;
				GCC_PREPROCESSOR_DEFINITIONS = (
					"DEBUG=1",
					"$(inherited)",
				);
				GCC_WARN_64_TO_32_BIT_CONVERSION = YES;
				GCC_WARN_ABOUT_RETURN_TYPE = YES_ERROR;
				GCC_WARN_UNDECLARED_SELECTOR = YES;
				GCC_WARN_UNINITIALIZED_AUTOS = YES_AGGRESSIVE;
				GCC_WARN_UNUSED_FUNCTION = YES;
				GCC_WARN_UNUSED_VARIABLE = YES;
				INFOPLIST_KEY_NSLocationAlwaysAndWhenInUseUsageDescription = "We just need to know";
				INFOPLIST_KEY_NSLocationAlwaysUsageDescription = "We just need to know";
				INFOPLIST_KEY_NSLocationTemporaryUsageDescriptionDictionary = "We just need to know";
				INFOPLIST_KEY_NSLocationUsageDescription = "We just need to know";
				INFOPLIST_KEY_NSLocationWhenInUseUsageDescription = "We just need to know";
				IPHONEOS_DEPLOYMENT_TARGET = 15.2;
				MTL_ENABLE_DEBUG_INFO = INCLUDE_SOURCE;
				MTL_FAST_MATH = YES;
				ONLY_ACTIVE_ARCH = YES;
				SDKROOT = iphoneos;
				SWIFT_ACTIVE_COMPILATION_CONDITIONS = DEBUG;
				SWIFT_OPTIMIZATION_LEVEL = "-Onone";
			};
			name = Debug;
		};
		9A9C7AB92775737000519111 /* Release */ = {
			isa = XCBuildConfiguration;
			buildSettings = {
				ALWAYS_SEARCH_USER_PATHS = NO;
				CLANG_ANALYZER_NONNULL = YES;
				CLANG_ANALYZER_NUMBER_OBJECT_CONVERSION = YES_AGGRESSIVE;
				CLANG_CXX_LANGUAGE_STANDARD = "gnu++17";
				CLANG_CXX_LIBRARY = "libc++";
				CLANG_ENABLE_MODULES = YES;
				CLANG_ENABLE_OBJC_ARC = YES;
				CLANG_ENABLE_OBJC_WEAK = YES;
				CLANG_WARN_BLOCK_CAPTURE_AUTORELEASING = YES;
				CLANG_WARN_BOOL_CONVERSION = YES;
				CLANG_WARN_COMMA = YES;
				CLANG_WARN_CONSTANT_CONVERSION = YES;
				CLANG_WARN_DEPRECATED_OBJC_IMPLEMENTATIONS = YES;
				CLANG_WARN_DIRECT_OBJC_ISA_USAGE = YES_ERROR;
				CLANG_WARN_DOCUMENTATION_COMMENTS = YES;
				CLANG_WARN_EMPTY_BODY = YES;
				CLANG_WARN_ENUM_CONVERSION = YES;
				CLANG_WARN_INFINITE_RECURSION = YES;
				CLANG_WARN_INT_CONVERSION = YES;
				CLANG_WARN_NON_LITERAL_NULL_CONVERSION = YES;
				CLANG_WARN_OBJC_IMPLICIT_RETAIN_SELF = YES;
				CLANG_WARN_OBJC_LITERAL_CONVERSION = YES;
				CLANG_WARN_OBJC_ROOT_CLASS = YES_ERROR;
				CLANG_WARN_QUOTED_INCLUDE_IN_FRAMEWORK_HEADER = YES;
				CLANG_WARN_RANGE_LOOP_ANALYSIS = YES;
				CLANG_WARN_STRICT_PROTOTYPES = YES;
				CLANG_WARN_SUSPICIOUS_MOVE = YES;
				CLANG_WARN_UNGUARDED_AVAILABILITY = YES_AGGRESSIVE;
				CLANG_WARN_UNREACHABLE_CODE = YES;
				CLANG_WARN__DUPLICATE_METHOD_MATCH = YES;
				COPY_PHASE_STRIP = NO;
				DEBUG_INFORMATION_FORMAT = "dwarf-with-dsym";
				ENABLE_NS_ASSERTIONS = NO;
				ENABLE_STRICT_OBJC_MSGSEND = YES;
				GCC_C_LANGUAGE_STANDARD = gnu11;
				GCC_NO_COMMON_BLOCKS = YES;
				GCC_WARN_64_TO_32_BIT_CONVERSION = YES;
				GCC_WARN_ABOUT_RETURN_TYPE = YES_ERROR;
				GCC_WARN_UNDECLARED_SELECTOR = YES;
				GCC_WARN_UNINITIALIZED_AUTOS = YES_AGGRESSIVE;
				GCC_WARN_UNUSED_FUNCTION = YES;
				GCC_WARN_UNUSED_VARIABLE = YES;
				INFOPLIST_KEY_NSLocationAlwaysAndWhenInUseUsageDescription = "We just need to know";
				INFOPLIST_KEY_NSLocationAlwaysUsageDescription = "We just need to know";
				INFOPLIST_KEY_NSLocationTemporaryUsageDescriptionDictionary = "We just need to know";
				INFOPLIST_KEY_NSLocationUsageDescription = "We just need to know";
				INFOPLIST_KEY_NSLocationWhenInUseUsageDescription = "We just need to know";
				IPHONEOS_DEPLOYMENT_TARGET = 15.2;
				MTL_ENABLE_DEBUG_INFO = NO;
				MTL_FAST_MATH = YES;
				SDKROOT = iphoneos;
				SWIFT_COMPILATION_MODE = wholemodule;
				SWIFT_OPTIMIZATION_LEVEL = "-O";
				VALIDATE_PRODUCT = YES;
			};
			name = Release;
		};
		9A9C7ABB2775737000519111 /* Debug */ = {
			isa = XCBuildConfiguration;
			buildSettings = {
				ASSETCATALOG_COMPILER_APPICON_NAME = AppIcon;
				ASSETCATALOG_COMPILER_GLOBAL_ACCENT_COLOR_NAME = AccentColor;
				CODE_SIGN_STYLE = Automatic;
				CURRENT_PROJECT_VERSION = 1;
				DEVELOPMENT_ASSET_PATHS = "\"Playground2/Preview Content\"";
				DEVELOPMENT_TEAM = 84WPVNZ8GM;
				ENABLE_PREVIEWS = YES;
				GENERATE_INFOPLIST_FILE = YES;
				INFOPLIST_FILE = Playground2/Info.plist;
				INFOPLIST_KEY_NSLocationAlwaysAndWhenInUseUsageDescription = "We just need to know";
				INFOPLIST_KEY_NSLocationAlwaysUsageDescription = "We just need to know";
				INFOPLIST_KEY_NSLocationTemporaryUsageDescriptionDictionary = "We just need to know";
				INFOPLIST_KEY_NSLocationUsageDescription = "We just need to know";
				INFOPLIST_KEY_NSLocationWhenInUseUsageDescription = "We just need to know";
				INFOPLIST_KEY_UIApplicationSceneManifest_Generation = YES;
				INFOPLIST_KEY_UIApplicationSupportsIndirectInputEvents = YES;
				INFOPLIST_KEY_UILaunchScreen_Generation = YES;
				INFOPLIST_KEY_UISupportedInterfaceOrientations_iPad = "UIInterfaceOrientationPortrait UIInterfaceOrientationPortraitUpsideDown UIInterfaceOrientationLandscapeLeft UIInterfaceOrientationLandscapeRight";
				INFOPLIST_KEY_UISupportedInterfaceOrientations_iPhone = "UIInterfaceOrientationPortrait UIInterfaceOrientationLandscapeLeft UIInterfaceOrientationLandscapeRight";
				LD_RUNPATH_SEARCH_PATHS = (
					"$(inherited)",
					"@executable_path/Frameworks",
				);
				MARKETING_VERSION = 1.0;
				PRODUCT_BUNDLE_IDENTIFIER = dm.floatcontrol.watchkitapp.watchkitextension.Playground2;
				PRODUCT_NAME = "$(TARGET_NAME)";
				SWIFT_EMIT_LOC_STRINGS = YES;
				SWIFT_VERSION = 5.0;
				TARGETED_DEVICE_FAMILY = "1,2";
			};
			name = Debug;
		};
		9A9C7ABC2775737000519111 /* Release */ = {
			isa = XCBuildConfiguration;
			buildSettings = {
				ASSETCATALOG_COMPILER_APPICON_NAME = AppIcon;
				ASSETCATALOG_COMPILER_GLOBAL_ACCENT_COLOR_NAME = AccentColor;
				CODE_SIGN_STYLE = Automatic;
				CURRENT_PROJECT_VERSION = 1;
				DEVELOPMENT_ASSET_PATHS = "\"Playground2/Preview Content\"";
				DEVELOPMENT_TEAM = 84WPVNZ8GM;
				ENABLE_PREVIEWS = YES;
				GENERATE_INFOPLIST_FILE = YES;
				INFOPLIST_FILE = Playground2/Info.plist;
				INFOPLIST_KEY_NSLocationAlwaysAndWhenInUseUsageDescription = "We just need to know";
				INFOPLIST_KEY_NSLocationAlwaysUsageDescription = "We just need to know";
				INFOPLIST_KEY_NSLocationTemporaryUsageDescriptionDictionary = "We just need to know";
				INFOPLIST_KEY_NSLocationUsageDescription = "We just need to know";
				INFOPLIST_KEY_NSLocationWhenInUseUsageDescription = "We just need to know";
				INFOPLIST_KEY_UIApplicationSceneManifest_Generation = YES;
				INFOPLIST_KEY_UIApplicationSupportsIndirectInputEvents = YES;
				INFOPLIST_KEY_UILaunchScreen_Generation = YES;
				INFOPLIST_KEY_UISupportedInterfaceOrientations_iPad = "UIInterfaceOrientationPortrait UIInterfaceOrientationPortraitUpsideDown UIInterfaceOrientationLandscapeLeft UIInterfaceOrientationLandscapeRight";
				INFOPLIST_KEY_UISupportedInterfaceOrientations_iPhone = "UIInterfaceOrientationPortrait UIInterfaceOrientationLandscapeLeft UIInterfaceOrientationLandscapeRight";
				LD_RUNPATH_SEARCH_PATHS = (
					"$(inherited)",
					"@executable_path/Frameworks",
				);
				MARKETING_VERSION = 1.0;
				PRODUCT_BUNDLE_IDENTIFIER = dm.floatcontrol.watchkitapp.watchkitextension.Playground2;
				PRODUCT_NAME = "$(TARGET_NAME)";
				SWIFT_EMIT_LOC_STRINGS = YES;
				SWIFT_VERSION = 5.0;
				TARGETED_DEVICE_FAMILY = "1,2";
			};
			name = Release;
		};
/* End XCBuildConfiguration section */

/* Begin XCConfigurationList section */
		40114C8A29EA0AD500D6DFA9 /* Build configuration list for PBXNativeTarget "OnlineTuneCards" */ = {
			isa = XCConfigurationList;
			buildConfigurations = (
				40114C8B29EA0AD500D6DFA9 /* Debug */,
				40114C8C29EA0AD500D6DFA9 /* Release */,
			);
			defaultConfigurationIsVisible = 0;
			defaultConfigurationName = Release;
		};
		9A9C7AA72775736C00519111 /* Build configuration list for PBXProject "Playground2" */ = {
			isa = XCConfigurationList;
			buildConfigurations = (
				9A9C7AB82775737000519111 /* Debug */,
				9A9C7AB92775737000519111 /* Release */,
			);
			defaultConfigurationIsVisible = 0;
			defaultConfigurationName = Release;
		};
		9A9C7ABA2775737000519111 /* Build configuration list for PBXNativeTarget "Playground2" */ = {
			isa = XCConfigurationList;
			buildConfigurations = (
				9A9C7ABB2775737000519111 /* Debug */,
				9A9C7ABC2775737000519111 /* Release */,
			);
			defaultConfigurationIsVisible = 0;
			defaultConfigurationName = Release;
		};
/* End XCConfigurationList section */

/* Begin XCRemoteSwiftPackageReference section */
		4090329A29DC7F7000582819 /* XCRemoteSwiftPackageReference "NativePartialSheet" */ = {
			isa = XCRemoteSwiftPackageReference;
			repositoryURL = "https://github.com/CoolONEOfficial/NativePartialSheet";
			requirement = {
				kind = upToNextMajorVersion;
				minimumVersion = 2.0.0;
			};
		};
		9AE5FCE829D91AFC002B76A3 /* XCRemoteSwiftPackageReference "Map" */ = {
			isa = XCRemoteSwiftPackageReference;
			repositoryURL = "https://github.com/pauljohanneskraft/Map";
			requirement = {
				kind = upToNextMajorVersion;
				minimumVersion = 0.2.0;
			};
		};
/* End XCRemoteSwiftPackageReference section */

/* Begin XCSwiftPackageProductDependency section */
		4090329B29DC7F7000582819 /* NativePartialSheet */ = {
			isa = XCSwiftPackageProductDependency;
			package = 4090329A29DC7F7000582819 /* XCRemoteSwiftPackageReference "NativePartialSheet" */;
			productName = NativePartialSheet;
		};
		9AE5FCE929D91AFC002B76A3 /* Map */ = {
			isa = XCSwiftPackageProductDependency;
			package = 9AE5FCE829D91AFC002B76A3 /* XCRemoteSwiftPackageReference "Map" */;
			productName = Map;
		};
/* End XCSwiftPackageProductDependency section */
	};
	rootObject = 9A9C7AA42775736C00519111 /* Project object */;
}
